
Microsoft Visual Studio Solution File, Format Version 12.00
# Visual Studio Version 17
VisualStudioVersion = 17.0.31903.59
MinimumVisualStudioVersion = 10.0.40219.1
Project("{2150E333-8FDC-42A3-9474-1A3956D46DE8}") = "src", "src", "{827E0CD3-B72D-47B6-A68D-7590B98EB39B}"
EndProject
Project("{FAE04EC0-301F-11D3-BF4B-00C04F79EFBC}") = "Phoenix.Core", "src\Phoenix.Core\Phoenix.Core.csproj", "{AE0D0F3F-33BD-4343-830C-CE09D5662D3A}"
EndProject
Project("{FAE04EC0-301F-11D3-BF4B-00C04F79EFBC}") = "Phoenix.Infrastructure", "src\Phoenix.Infrastructure\Phoenix.Infrastructure.csproj", "{FBBABEE3-28B7-4EC8-B9A6-ACF645F853DD}"
EndProject
Project("{FAE04EC0-301F-11D3-BF4B-00C04F79EFBC}") = "Phoenix", "src\Phoenix\Phoenix.csproj", "{992FFAC5-3926-46FF-958F-3A3B681BC2A9}"
EndProject
Project("{FAE04EC0-301F-11D3-BF4B-00C04F79EFBC}") = "Phoenix.DemoApp", "src\Phoenix.DemoApp\Phoenix.DemoApp.csproj", "{CE278841-738E-4C09-8B26-1ADF931B604C}"
EndProject
Project("{2150E333-8FDC-42A3-9474-1A3956D46DE8}") = "tests", "tests", "{0AB3BF05-4346-4AA6-1389-037BE0695223}"
EndProject
Project("{FAE04EC0-301F-11D3-BF4B-00C04F79EFBC}") = "Phoenix.Tests", "tests\Phoenix.Tests\Phoenix.Tests.csproj", "{B09110A9-58E6-46D3-80ED-C1F9F8FF4BE3}"
EndProject
Project("{FAE04EC0-301F-11D3-BF4B-00C04F79EFBC}") = "Phoenix.IntegrationTests", "tests\Phoenix.IntegrationTests\Phoenix.IntegrationTests.csproj", "{0D17F9DD-E5BE-47F8-B8A9-B51ADB18FA6F}"
EndProject
Global
	GlobalSection(SolutionConfigurationPlatforms) = preSolution
		Debug|Any CPU = Debug|Any CPU
		Debug|x64 = Debug|x64
		Debug|x86 = Debug|x86
		Release|Any CPU = Release|Any CPU
		Release|x64 = Release|x64
		Release|x86 = Release|x86
	EndGlobalSection
	GlobalSection(ProjectConfigurationPlatforms) = postSolution
		{AE0D0F3F-33BD-4343-830C-CE09D5662D3A}.Debug|Any CPU.ActiveCfg = Debug|Any CPU
		{AE0D0F3F-33BD-4343-830C-CE09D5662D3A}.Debug|Any CPU.Build.0 = Debug|Any CPU
		{AE0D0F3F-33BD-4343-830C-CE09D5662D3A}.Debug|x64.ActiveCfg = Debug|Any CPU
		{AE0D0F3F-33BD-4343-830C-CE09D5662D3A}.Debug|x64.Build.0 = Debug|Any CPU
		{AE0D0F3F-33BD-4343-830C-CE09D5662D3A}.Debug|x86.ActiveCfg = Debug|Any CPU
		{AE0D0F3F-33BD-4343-830C-CE09D5662D3A}.Debug|x86.Build.0 = Debug|Any CPU
		{AE0D0F3F-33BD-4343-830C-CE09D5662D3A}.Release|Any CPU.ActiveCfg = Release|Any CPU
		{AE0D0F3F-33BD-4343-830C-CE09D5662D3A}.Release|Any CPU.Build.0 = Release|Any CPU
		{AE0D0F3F-33BD-4343-830C-CE09D5662D3A}.Release|x64.ActiveCfg = Release|Any CPU
		{AE0D0F3F-33BD-4343-830C-CE09D5662D3A}.Release|x64.Build.0 = Release|Any CPU
		{AE0D0F3F-33BD-4343-830C-CE09D5662D3A}.Release|x86.ActiveCfg = Release|Any CPU
		{AE0D0F3F-33BD-4343-830C-CE09D5662D3A}.Release|x86.Build.0 = Release|Any CPU
		{FBBABEE3-28B7-4EC8-B9A6-ACF645F853DD}.Debug|Any CPU.ActiveCfg = Debug|Any CPU
		{FBBABEE3-28B7-4EC8-B9A6-ACF645F853DD}.Debug|Any CPU.Build.0 = Debug|Any CPU
		{FBBABEE3-28B7-4EC8-B9A6-ACF645F853DD}.Debug|x64.ActiveCfg = Debug|Any CPU
		{FBBABEE3-28B7-4EC8-B9A6-ACF645F853DD}.Debug|x64.Build.0 = Debug|Any CPU
		{FBBABEE3-28B7-4EC8-B9A6-ACF645F853DD}.Debug|x86.ActiveCfg = Debug|Any CPU
		{FBBABEE3-28B7-4EC8-B9A6-ACF645F853DD}.Debug|x86.Build.0 = Debug|Any CPU
		{FBBABEE3-28B7-4EC8-B9A6-ACF645F853DD}.Release|Any CPU.ActiveCfg = Release|Any CPU
		{FBBABEE3-28B7-4EC8-B9A6-ACF645F853DD}.Release|Any CPU.Build.0 = Release|Any CPU
		{FBBABEE3-28B7-4EC8-B9A6-ACF645F853DD}.Release|x64.ActiveCfg = Release|Any CPU
		{FBBABEE3-28B7-4EC8-B9A6-ACF645F853DD}.Release|x64.Build.0 = Release|Any CPU
		{FBBABEE3-28B7-4EC8-B9A6-ACF645F853DD}.Release|x86.ActiveCfg = Release|Any CPU
		{FBBABEE3-28B7-4EC8-B9A6-ACF645F853DD}.Release|x86.Build.0 = Release|Any CPU
		{992FFAC5-3926-46FF-958F-3A3B681BC2A9}.Debug|Any CPU.ActiveCfg = Debug|Any CPU
		{992FFAC5-3926-46FF-958F-3A3B681BC2A9}.Debug|Any CPU.Build.0 = Debug|Any CPU
		{992FFAC5-3926-46FF-958F-3A3B681BC2A9}.Debug|x64.ActiveCfg = Debug|Any CPU
		{992FFAC5-3926-46FF-958F-3A3B681BC2A9}.Debug|x64.Build.0 = Debug|Any CPU
		{992FFAC5-3926-46FF-958F-3A3B681BC2A9}.Debug|x86.ActiveCfg = Debug|Any CPU
		{992FFAC5-3926-46FF-958F-3A3B681BC2A9}.Debug|x86.Build.0 = Debug|Any CPU
		{992FFAC5-3926-46FF-958F-3A3B681BC2A9}.Release|Any CPU.ActiveCfg = Release|Any CPU
		{992FFAC5-3926-46FF-958F-3A3B681BC2A9}.Release|Any CPU.Build.0 = Release|Any CPU
		{992FFAC5-3926-46FF-958F-3A3B681BC2A9}.Release|x64.ActiveCfg = Release|Any CPU
		{992FFAC5-3926-46FF-958F-3A3B681BC2A9}.Release|x64.Build.0 = Release|Any CPU
		{992FFAC5-3926-46FF-958F-3A3B681BC2A9}.Release|x86.ActiveCfg = Release|Any CPU
		{992FFAC5-3926-46FF-958F-3A3B681BC2A9}.Release|x86.Build.0 = Release|Any CPU
		{CE278841-738E-4C09-8B26-1ADF931B604C}.Debug|Any CPU.ActiveCfg = Debug|Any CPU
		{CE278841-738E-4C09-8B26-1ADF931B604C}.Debug|Any CPU.Build.0 = Debug|Any CPU
		{CE278841-738E-4C09-8B26-1ADF931B604C}.Debug|x64.ActiveCfg = Debug|Any CPU
		{CE278841-738E-4C09-8B26-1ADF931B604C}.Debug|x64.Build.0 = Debug|Any CPU
		{CE278841-738E-4C09-8B26-1ADF931B604C}.Debug|x86.ActiveCfg = Debug|Any CPU
		{CE278841-738E-4C09-8B26-1ADF931B604C}.Debug|x86.Build.0 = Debug|Any CPU
		{CE278841-738E-4C09-8B26-1ADF931B604C}.Release|Any CPU.ActiveCfg = Release|Any CPU
		{CE278841-738E-4C09-8B26-1ADF931B604C}.Release|Any CPU.Build.0 = Release|Any CPU
		{CE278841-738E-4C09-8B26-1ADF931B604C}.Release|x64.ActiveCfg = Release|Any CPU
		{CE278841-738E-4C09-8B26-1ADF931B604C}.Release|x64.Build.0 = Release|Any CPU
		{CE278841-738E-4C09-8B26-1ADF931B604C}.Release|x86.ActiveCfg = Release|Any CPU
		{CE278841-738E-4C09-8B26-1ADF931B604C}.Release|x86.Build.0 = Release|Any CPU
		{B09110A9-58E6-46D3-80ED-C1F9F8FF4BE3}.Debug|Any CPU.ActiveCfg = Debug|Any CPU
		{B09110A9-58E6-46D3-80ED-C1F9F8FF4BE3}.Debug|Any CPU.Build.0 = Debug|Any CPU
		{B09110A9-58E6-46D3-80ED-C1F9F8FF4BE3}.Debug|x64.ActiveCfg = Debug|Any CPU
		{B09110A9-58E6-46D3-80ED-C1F9F8FF4BE3}.Debug|x64.Build.0 = Debug|Any CPU
		{B09110A9-58E6-46D3-80ED-C1F9F8FF4BE3}.Debug|x86.ActiveCfg = Debug|Any CPU
		{B09110A9-58E6-46D3-80ED-C1F9F8FF4BE3}.Debug|x86.Build.0 = Debug|Any CPU
		{B09110A9-58E6-46D3-80ED-C1F9F8FF4BE3}.Release|Any CPU.ActiveCfg = Release|Any CPU
		{B09110A9-58E6-46D3-80ED-C1F9F8FF4BE3}.Release|Any CPU.Build.0 = Release|Any CPU
		{B09110A9-58E6-46D3-80ED-C1F9F8FF4BE3}.Release|x64.ActiveCfg = Release|Any CPU
		{B09110A9-58E6-46D3-80ED-C1F9F8FF4BE3}.Release|x64.Build.0 = Release|Any CPU
		{B09110A9-58E6-46D3-80ED-C1F9F8FF4BE3}.Release|x86.ActiveCfg = Release|Any CPU
		{B09110A9-58E6-46D3-80ED-C1F9F8FF4BE3}.Release|x86.Build.0 = Release|Any CPU
		{0D17F9DD-E5BE-47F8-B8A9-B51ADB18FA6F}.Debug|Any CPU.ActiveCfg = Debug|Any CPU
		{0D17F9DD-E5BE-47F8-B8A9-B51ADB18FA6F}.Debug|Any CPU.Build.0 = Debug|Any CPU
		{0D17F9DD-E5BE-47F8-B8A9-B51ADB18FA6F}.Debug|x64.ActiveCfg = Debug|Any CPU
		{0D17F9DD-E5BE-47F8-B8A9-B51ADB18FA6F}.Debug|x64.Build.0 = Debug|Any CPU
		{0D17F9DD-E5BE-47F8-B8A9-B51ADB18FA6F}.Debug|x86.ActiveCfg = Debug|Any CPU
		{0D17F9DD-E5BE-47F8-B8A9-B51ADB18FA6F}.Debug|x86.Build.0 = Debug|Any CPU
		{0D17F9DD-E5BE-47F8-B8A9-B51ADB18FA6F}.Release|Any CPU.ActiveCfg = Release|Any CPU
		{0D17F9DD-E5BE-47F8-B8A9-B51ADB18FA6F}.Release|Any CPU.Build.0 = Release|Any CPU
		{0D17F9DD-E5BE-47F8-B8A9-B51ADB18FA6F}.Release|x64.ActiveCfg = Release|Any CPU
		{0D17F9DD-E5BE-47F8-B8A9-B51ADB18FA6F}.Release|x64.Build.0 = Release|Any CPU
		{0D17F9DD-E5BE-47F8-B8A9-B51ADB18FA6F}.Release|x86.ActiveCfg = Release|Any CPU
		{0D17F9DD-E5BE-47F8-B8A9-B51ADB18FA6F}.Release|x86.Build.0 = Release|Any CPU
	EndGlobalSection
	GlobalSection(SolutionProperties) = preSolution
		HideSolutionNode = FALSE
	EndGlobalSection
	GlobalSection(NestedProjects) = preSolution
		{AE0D0F3F-33BD-4343-830C-CE09D5662D3A} = {827E0CD3-B72D-47B6-A68D-7590B98EB39B}
		{FBBABEE3-28B7-4EC8-B9A6-ACF645F853DD} = {827E0CD3-B72D-47B6-A68D-7590B98EB39B}
		{992FFAC5-3926-46FF-958F-3A3B681BC2A9} = {827E0CD3-B72D-47B6-A68D-7590B98EB39B}
		{CE278841-738E-4C09-8B26-1ADF931B604C} = {827E0CD3-B72D-47B6-A68D-7590B98EB39B}
		{B09110A9-58E6-46D3-80ED-C1F9F8FF4BE3} = {0AB3BF05-4346-4AA6-1389-037BE0695223}
		{0D17F9DD-E5BE-47F8-B8A9-B51ADB18FA6F} = {0AB3BF05-4346-4AA6-1389-037BE0695223}
	EndGlobalSection
EndGlobal
